
Microsoft Visual Studio Solution File, Format Version 12.00
# Visual Studio Version 17
VisualStudioVersion = 17.14.36109.1 d17.14
MinimumVisualStudioVersion = 10.0.40219.1
Project("{FAE04EC0-301F-11D3-BF4B-00C04F79EFBC}") = "DIrecuperacionFinal", "DIrecuperacionFinal.csproj", "{86DF6397-2832-4423-983D-5260C23E2591}"
EndProject
Global
	GlobalSection(SolutionConfigurationPlatforms) = preSolution
		Debug|Any CPU = Debug|Any CPU
		Release|Any CPU = Release|Any CPU
	EndGlobalSection
	GlobalSection(ProjectConfigurationPlatforms) = postSolution
		{86DF6397-2832-4423-983D-5260C23E2591}.Debug|Any CPU.ActiveCfg = Debug|Any CPU
		{86DF6397-2832-4423-983D-5260C23E2591}.Debug|Any CPU.Build.0 = Debug|Any CPU
		{86DF6397-2832-4423-983D-5260C23E2591}.Release|Any CPU.ActiveCfg = Release|Any CPU
		{86DF6397-2832-4423-983D-5260C23E2591}.Release|Any CPU.Build.0 = Release|Any CPU
	EndGlobalSection
	GlobalSection(SolutionProperties) = preSolution
		HideSolutionNode = FALSE
	EndGlobalSection
	GlobalSection(ExtensibilityGlobals) = postSolution
		SolutionGuid = {CBF94195-5549-4BE3-8A9B-A24A4629900C}
	EndGlobalSection
EndGlobal
