
Microsoft Visual Studio Solution File, Format Version 12.00
# Visual Studio Version 17
VisualStudioVersion = 17.11.35327.3
MinimumVisualStudioVersion = 10.0.40219.1
Project("{FAE04EC0-301F-11D3-BF4B-00C04F79EFBC}") = "examen1evaluacionCCA", "examen1evaluacionCCA.csproj", "{26E32264-14A0-460A-B739-49186BCD36D5}"
EndProject
Global
	GlobalSection(SolutionConfigurationPlatforms) = preSolution
		Debug|Any CPU = Debug|Any CPU
		Release|Any CPU = Release|Any CPU
	EndGlobalSection
	GlobalSection(ProjectConfigurationPlatforms) = postSolution
		{26E32264-14A0-460A-B739-49186BCD36D5}.Debug|Any CPU.ActiveCfg = Debug|Any CPU
		{26E32264-14A0-460A-B739-49186BCD36D5}.Debug|Any CPU.Build.0 = Debug|Any CPU
		{26E32264-14A0-460A-B739-49186BCD36D5}.Release|Any CPU.ActiveCfg = Release|Any CPU
		{26E32264-14A0-460A-B739-49186BCD36D5}.Release|Any CPU.Build.0 = Release|Any CPU
	EndGlobalSection
	GlobalSection(SolutionProperties) = preSolution
		HideSolutionNode = FALSE
	EndGlobalSection
	GlobalSection(ExtensibilityGlobals) = postSolution
		SolutionGuid = {939951CD-161A-4F43-9DA3-072A152AA725}
	EndGlobalSection
EndGlobal
